
Microsoft Visual Studio Solution File, Format Version 12.00
# Visual Studio Version 17
VisualStudioVersion = 17.5.002.0
MinimumVisualStudioVersion = 10.0.40219.1
Project("{9A19103F-16F7-4668-BE54-9A1E7A4F7556}") = "IssueTracker", "IssueTracker.csproj", "{1BAE241B-EC53-4DDA-926A-81557CB0C61E}"
EndProject
Global
	GlobalSection(SolutionConfigurationPlatforms) = preSolution
		Debug|Any CPU = Debug|Any CPU
		Release|Any CPU = Release|Any CPU
	EndGlobalSection
	GlobalSection(ProjectConfigurationPlatforms) = postSolution
		{1BAE241B-EC53-4DDA-926A-81557CB0C61E}.Debug|Any CPU.ActiveCfg = Debug|Any CPU
		{1BAE241B-EC53-4DDA-926A-81557CB0C61E}.Debug|Any CPU.Build.0 = Debug|Any CPU
		{1BAE241B-EC53-4DDA-926A-81557CB0C61E}.Release|Any CPU.ActiveCfg = Release|Any CPU
		{1BAE241B-EC53-4DDA-926A-81557CB0C61E}.Release|Any CPU.Build.0 = Release|Any CPU
	EndGlobalSection
	GlobalSection(SolutionProperties) = preSolution
		HideSolutionNode = FALSE
	EndGlobalSection
	GlobalSection(ExtensibilityGlobals) = postSolution
		SolutionGuid = {12D81D77-E29C-4376-844F-9546ECCC6F37}
	EndGlobalSection
EndGlobal
